
Microsoft Visual Studio Solution File, Format Version 12.00
# Blend for Visual Studio Version 17
VisualStudioVersion = 17.14.36203.30 d17.14
MinimumVisualStudioVersion = 10.0.40219.1
Project("{FAE04EC0-301F-11D3-BF4B-00C04F79EFBC}") = "WpfApp1", "WpfApp1\WpfApp1.csproj", "{4AA29461-72C0-4ED2-9DD1-8BFEDBF67F1A}"
EndProject
Global
	GlobalSection(SolutionConfigurationPlatforms) = preSolution
		Debug|Any CPU = Debug|Any CPU
		Release|Any CPU = Release|Any CPU
	EndGlobalSection
	GlobalSection(ProjectConfigurationPlatforms) = postSolution
		{4AA29461-72C0-4ED2-9DD1-8BFEDBF67F1A}.Debug|Any CPU.ActiveCfg = Debug|Any CPU
		{4AA29461-72C0-4ED2-9DD1-8BFEDBF67F1A}.Debug|Any CPU.Build.0 = Debug|Any CPU
		{4AA29461-72C0-4ED2-9DD1-8BFEDBF67F1A}.Release|Any CPU.ActiveCfg = Release|Any CPU
		{4AA29461-72C0-4ED2-9DD1-8BFEDBF67F1A}.Release|Any CPU.Build.0 = Release|Any CPU
	EndGlobalSection
	GlobalSection(SolutionProperties) = preSolution
		HideSolutionNode = FALSE
	EndGlobalSection
	GlobalSection(ExtensibilityGlobals) = postSolution
		SolutionGuid = {A2410119-3CB9-46B9-97FA-B0652E907EFC}
	EndGlobalSection
EndGlobal
